
Microsoft Visual Studio Solution File, Format Version 12.00
# Visual Studio Version 17
VisualStudioVersion = 17.1.32421.90
MinimumVisualStudioVersion = 10.0.40219.1
Project("{9A19103F-16F7-4668-BE54-9A1E7A4F7556}") = "AdvanceLogReader", "AdvanceLogReader\AdvanceLogReader.csproj", "{69EED36C-5176-4FEE-9E28-F0ADCE4AAC98}"
EndProject
Project("{9A19103F-16F7-4668-BE54-9A1E7A4F7556}") = "AdvanceLogLib", "AdvanceLogLib\AdvanceLogLib.csproj", "{9911ACB9-1C9E-40E9-9E3D-734582F0DE73}"
EndProject
Project("{9A19103F-16F7-4668-BE54-9A1E7A4F7556}") = "BaseLogLib", "BaseLogLib\BaseLogLib.csproj", "{F63936DB-57B5-4582-A78B-7313CB2DF9A0}"
EndProject
Global
	GlobalSection(SolutionConfigurationPlatforms) = preSolution
		Debug|Any CPU = Debug|Any CPU
		Release|Any CPU = Release|Any CPU
	EndGlobalSection
	GlobalSection(ProjectConfigurationPlatforms) = postSolution
		{69EED36C-5176-4FEE-9E28-F0ADCE4AAC98}.Debug|Any CPU.ActiveCfg = Debug|Any CPU
		{69EED36C-5176-4FEE-9E28-F0ADCE4AAC98}.Debug|Any CPU.Build.0 = Debug|Any CPU
		{69EED36C-5176-4FEE-9E28-F0ADCE4AAC98}.Release|Any CPU.ActiveCfg = Release|Any CPU
		{69EED36C-5176-4FEE-9E28-F0ADCE4AAC98}.Release|Any CPU.Build.0 = Release|Any CPU
		{9911ACB9-1C9E-40E9-9E3D-734582F0DE73}.Debug|Any CPU.ActiveCfg = Debug|Any CPU
		{9911ACB9-1C9E-40E9-9E3D-734582F0DE73}.Debug|Any CPU.Build.0 = Debug|Any CPU
		{9911ACB9-1C9E-40E9-9E3D-734582F0DE73}.Release|Any CPU.ActiveCfg = Release|Any CPU
		{9911ACB9-1C9E-40E9-9E3D-734582F0DE73}.Release|Any CPU.Build.0 = Release|Any CPU
		{F63936DB-57B5-4582-A78B-7313CB2DF9A0}.Debug|Any CPU.ActiveCfg = Debug|Any CPU
		{F63936DB-57B5-4582-A78B-7313CB2DF9A0}.Debug|Any CPU.Build.0 = Debug|Any CPU
		{F63936DB-57B5-4582-A78B-7313CB2DF9A0}.Release|Any CPU.ActiveCfg = Release|Any CPU
		{F63936DB-57B5-4582-A78B-7313CB2DF9A0}.Release|Any CPU.Build.0 = Release|Any CPU
	EndGlobalSection
	GlobalSection(SolutionProperties) = preSolution
		HideSolutionNode = FALSE
	EndGlobalSection
	GlobalSection(ExtensibilityGlobals) = postSolution
		SolutionGuid = {533515BB-A159-4159-BC87-380579F3EBA2}
	EndGlobalSection
EndGlobal
